
Microsoft Visual Studio Solution File, Format Version 12.00
# Visual Studio Version 16
VisualStudioVersion = 16.0.33801.447
MinimumVisualStudioVersion = 10.0.40219.1
Project("{FAE04EC0-301F-11D3-BF4B-00C04F79EFBC}") = "Steven1", "Steven1\Steven1.csproj", "{7DC8924A-15DA-45F6-8358-FFFEFFC35A6C}"
EndProject
Global
	GlobalSection(SolutionConfigurationPlatforms) = preSolution
		Debug|Any CPU = Debug|Any CPU
		Release|Any CPU = Release|Any CPU
	EndGlobalSection
	GlobalSection(ProjectConfigurationPlatforms) = postSolution
		{7DC8924A-15DA-45F6-8358-FFFEFFC35A6C}.Debug|Any CPU.ActiveCfg = Debug|Any CPU
		{7DC8924A-15DA-45F6-8358-FFFEFFC35A6C}.Debug|Any CPU.Build.0 = Debug|Any CPU
		{7DC8924A-15DA-45F6-8358-FFFEFFC35A6C}.Release|Any CPU.ActiveCfg = Release|Any CPU
		{7DC8924A-15DA-45F6-8358-FFFEFFC35A6C}.Release|Any CPU.Build.0 = Release|Any CPU
	EndGlobalSection
	GlobalSection(SolutionProperties) = preSolution
		HideSolutionNode = FALSE
	EndGlobalSection
	GlobalSection(ExtensibilityGlobals) = postSolution
		SolutionGuid = {9C9BF17B-6EF1-4490-878A-F4E3A5DF821B}
	EndGlobalSection
EndGlobal
