
Microsoft Visual Studio Solution File, Format Version 12.00
# Visual Studio Version 16
VisualStudioVersion = 16.0.33801.447
MinimumVisualStudioVersion = 10.0.40219.1
Project("{FAE04EC0-301F-11D3-BF4B-00C04F79EFBC}") = "Actividad14", "Actividad14\Actividad14.csproj", "{8EBFA5CB-C098-4195-B108-E2F7FB2D3FB3}"
EndProject
Global
	GlobalSection(SolutionConfigurationPlatforms) = preSolution
		Debug|Any CPU = Debug|Any CPU
		Release|Any CPU = Release|Any CPU
	EndGlobalSection
	GlobalSection(ProjectConfigurationPlatforms) = postSolution
		{8EBFA5CB-C098-4195-B108-E2F7FB2D3FB3}.Debug|Any CPU.ActiveCfg = Debug|Any CPU
		{8EBFA5CB-C098-4195-B108-E2F7FB2D3FB3}.Debug|Any CPU.Build.0 = Debug|Any CPU
		{8EBFA5CB-C098-4195-B108-E2F7FB2D3FB3}.Release|Any CPU.ActiveCfg = Release|Any CPU
		{8EBFA5CB-C098-4195-B108-E2F7FB2D3FB3}.Release|Any CPU.Build.0 = Release|Any CPU
	EndGlobalSection
	GlobalSection(SolutionProperties) = preSolution
		HideSolutionNode = FALSE
	EndGlobalSection
	GlobalSection(ExtensibilityGlobals) = postSolution
		SolutionGuid = {139B0B0F-FC56-42E9-8EF3-D49238BEE147}
	EndGlobalSection
EndGlobal
