
Microsoft Visual Studio Solution File, Format Version 12.00
# Visual Studio Version 16
VisualStudioVersion = 16.0.33801.447
MinimumVisualStudioVersion = 10.0.40219.1
Project("{FAE04EC0-301F-11D3-BF4B-00C04F79EFBC}") = "Actividad3", "Actividad3\Actividad3.csproj", "{9AC3C65F-0239-45D3-9895-0D2C34E7BD8C}"
EndProject
Global
	GlobalSection(SolutionConfigurationPlatforms) = preSolution
		Debug|Any CPU = Debug|Any CPU
		Release|Any CPU = Release|Any CPU
	EndGlobalSection
	GlobalSection(ProjectConfigurationPlatforms) = postSolution
		{9AC3C65F-0239-45D3-9895-0D2C34E7BD8C}.Debug|Any CPU.ActiveCfg = Debug|Any CPU
		{9AC3C65F-0239-45D3-9895-0D2C34E7BD8C}.Debug|Any CPU.Build.0 = Debug|Any CPU
		{9AC3C65F-0239-45D3-9895-0D2C34E7BD8C}.Release|Any CPU.ActiveCfg = Release|Any CPU
		{9AC3C65F-0239-45D3-9895-0D2C34E7BD8C}.Release|Any CPU.Build.0 = Release|Any CPU
	EndGlobalSection
	GlobalSection(SolutionProperties) = preSolution
		HideSolutionNode = FALSE
	EndGlobalSection
	GlobalSection(ExtensibilityGlobals) = postSolution
		SolutionGuid = {E30E60D7-FD2F-462C-AEF8-1B157656F0BB}
	EndGlobalSection
EndGlobal
