
Microsoft Visual Studio Solution File, Format Version 12.00
# Visual Studio Version 16
VisualStudioVersion = 16.0.33801.447
MinimumVisualStudioVersion = 10.0.40219.1
Project("{FAE04EC0-301F-11D3-BF4B-00C04F79EFBC}") = "Actividad2", "Actividad2\Actividad2.csproj", "{2DD905A0-0A8A-4B40-929C-3A1484C15AE6}"
EndProject
Global
	GlobalSection(SolutionConfigurationPlatforms) = preSolution
		Debug|Any CPU = Debug|Any CPU
		Release|Any CPU = Release|Any CPU
	EndGlobalSection
	GlobalSection(ProjectConfigurationPlatforms) = postSolution
		{2DD905A0-0A8A-4B40-929C-3A1484C15AE6}.Debug|Any CPU.ActiveCfg = Debug|Any CPU
		{2DD905A0-0A8A-4B40-929C-3A1484C15AE6}.Debug|Any CPU.Build.0 = Debug|Any CPU
		{2DD905A0-0A8A-4B40-929C-3A1484C15AE6}.Release|Any CPU.ActiveCfg = Release|Any CPU
		{2DD905A0-0A8A-4B40-929C-3A1484C15AE6}.Release|Any CPU.Build.0 = Release|Any CPU
	EndGlobalSection
	GlobalSection(SolutionProperties) = preSolution
		HideSolutionNode = FALSE
	EndGlobalSection
	GlobalSection(ExtensibilityGlobals) = postSolution
		SolutionGuid = {D24DE8DD-BC6A-421B-8C67-479FBC4DAFC0}
	EndGlobalSection
EndGlobal
